
Microsoft Visual Studio Solution File, Format Version 12.00
# Visual Studio Version 16
VisualStudioVersion = 16.0.31911.196
MinimumVisualStudioVersion = 10.0.40219.1
Project("{9A19103F-16F7-4668-BE54-9A1E7A4F7556}") = "ConsoleEmp", "ConsoleEmp\ConsoleEmp.csproj", "{66996B59-D2DD-4E80-BF79-A94F5B013DCC}"
EndProject
Project("{FAE04EC0-301F-11D3-BF4B-00C04F79EFBC}") = "ClassLibraryEmp", "ClassLibraryEmp\ClassLibraryEmp.csproj", "{A7E471E0-3CFE-4B6A-9458-23854EDE7703}"
EndProject
Global
	GlobalSection(SolutionConfigurationPlatforms) = preSolution
		Debug|Any CPU = Debug|Any CPU
		Release|Any CPU = Release|Any CPU
	EndGlobalSection
	GlobalSection(ProjectConfigurationPlatforms) = postSolution
		{66996B59-D2DD-4E80-BF79-A94F5B013DCC}.Debug|Any CPU.ActiveCfg = Debug|Any CPU
		{66996B59-D2DD-4E80-BF79-A94F5B013DCC}.Debug|Any CPU.Build.0 = Debug|Any CPU
		{66996B59-D2DD-4E80-BF79-A94F5B013DCC}.Release|Any CPU.ActiveCfg = Release|Any CPU
		{66996B59-D2DD-4E80-BF79-A94F5B013DCC}.Release|Any CPU.Build.0 = Release|Any CPU
		{A7E471E0-3CFE-4B6A-9458-23854EDE7703}.Debug|Any CPU.ActiveCfg = Debug|Any CPU
		{A7E471E0-3CFE-4B6A-9458-23854EDE7703}.Debug|Any CPU.Build.0 = Debug|Any CPU
		{A7E471E0-3CFE-4B6A-9458-23854EDE7703}.Release|Any CPU.ActiveCfg = Release|Any CPU
		{A7E471E0-3CFE-4B6A-9458-23854EDE7703}.Release|Any CPU.Build.0 = Release|Any CPU
	EndGlobalSection
	GlobalSection(SolutionProperties) = preSolution
		HideSolutionNode = FALSE
	EndGlobalSection
	GlobalSection(ExtensibilityGlobals) = postSolution
		SolutionGuid = {0CC8452E-E87E-4851-9EE9-DEC7609FED54}
	EndGlobalSection
EndGlobal
